
Microsoft Visual Studio Solution File, Format Version 12.00
# Visual Studio Version 18
VisualStudioVersion = 18.6.11819.183 stable
MinimumVisualStudioVersion = 10.0.40219.1
Project("{FAE04EC0-301F-11D3-BF4B-00C04F79EFBC}") = "IEnumerableVsIQueryable", "IEnumerableVsIQueryable.csproj", "{196253E4-4419-49F0-624A-3608A3E1DAEB}"
EndProject
Global
	GlobalSection(SolutionConfigurationPlatforms) = preSolution
		Debug|Any CPU = Debug|Any CPU
		Release|Any CPU = Release|Any CPU
	EndGlobalSection
	GlobalSection(ProjectConfigurationPlatforms) = postSolution
		{196253E4-4419-49F0-624A-3608A3E1DAEB}.Debug|Any CPU.ActiveCfg = Debug|Any CPU
		{196253E4-4419-49F0-624A-3608A3E1DAEB}.Debug|Any CPU.Build.0 = Debug|Any CPU
		{196253E4-4419-49F0-624A-3608A3E1DAEB}.Release|Any CPU.ActiveCfg = Release|Any CPU
		{196253E4-4419-49F0-624A-3608A3E1DAEB}.Release|Any CPU.Build.0 = Release|Any CPU
	EndGlobalSection
	GlobalSection(SolutionProperties) = preSolution
		HideSolutionNode = FALSE
	EndGlobalSection
	GlobalSection(ExtensibilityGlobals) = postSolution
		SolutionGuid = {A5511FA7-A0B5-4435-9CAC-D063D77DBFCF}
	EndGlobalSection
EndGlobal
